
Microsoft Visual Studio Solution File, Format Version 12.00
# Visual Studio Version 16
VisualStudioVersion = 16.0.30309.148
MinimumVisualStudioVersion = 10.0.40219.1
Project("{FAE04EC0-301F-11D3-BF4B-00C04F79EFBC}") = "SimpleTodoListMVVM.UWP", "SimpleTodoListMVVM.UWP\SimpleTodoListMVVM.UWP.csproj", "{35C8E9D6-EF39-4C33-A372-6ABEC29A54D8}"
EndProject
Project("{FAE04EC0-301F-11D3-BF4B-00C04F79EFBC}") = "SimpleTodoListMVVM.Android", "SimpleTodoListMVVM.Android\SimpleTodoListMVVM.Android.csproj", "{3759D53A-9A2E-46E4-A8D0-7BE698F6D9CF}"
EndProject
Project("{FAE04EC0-301F-11D3-BF4B-00C04F79EFBC}") = "SimpleTodoListMVVM.iOS", "SimpleTodoListMVVM.iOS\SimpleTodoListMVVM.iOS.csproj", "{310FC072-5A3A-4AE3-A880-EF834778B64C}"
EndProject
Project("{FAE04EC0-301F-11D3-BF4B-00C04F79EFBC}") = "SimpleTodoListMVVM", "SimpleTodoListMVVM\SimpleTodoListMVVM.csproj", "{CF3F4641-A117-46E9-ADFD-96E3410C5365}"
EndProject
Global
	GlobalSection(SolutionConfigurationPlatforms) = preSolution
		Debug|Any CPU = Debug|Any CPU
		Debug|ARM = Debug|ARM
		Debug|iPhone = Debug|iPhone
		Debug|iPhoneSimulator = Debug|iPhoneSimulator
		Debug|x64 = Debug|x64
		Debug|x86 = Debug|x86
		Release|Any CPU = Release|Any CPU
		Release|ARM = Release|ARM
		Release|iPhone = Release|iPhone
		Release|iPhoneSimulator = Release|iPhoneSimulator
		Release|x64 = Release|x64
		Release|x86 = Release|x86
	EndGlobalSection
	GlobalSection(ProjectConfigurationPlatforms) = postSolution
		{35C8E9D6-EF39-4C33-A372-6ABEC29A54D8}.Debug|Any CPU.ActiveCfg = Debug|x86
		{35C8E9D6-EF39-4C33-A372-6ABEC29A54D8}.Debug|Any CPU.Build.0 = Debug|x86
		{35C8E9D6-EF39-4C33-A372-6ABEC29A54D8}.Debug|Any CPU.Deploy.0 = Debug|x86
		{35C8E9D6-EF39-4C33-A372-6ABEC29A54D8}.Debug|ARM.ActiveCfg = Debug|ARM
		{35C8E9D6-EF39-4C33-A372-6ABEC29A54D8}.Debug|ARM.Build.0 = Debug|ARM
		{35C8E9D6-EF39-4C33-A372-6ABEC29A54D8}.Debug|ARM.Deploy.0 = Debug|ARM
		{35C8E9D6-EF39-4C33-A372-6ABEC29A54D8}.Debug|iPhone.ActiveCfg = Debug|x86
		{35C8E9D6-EF39-4C33-A372-6ABEC29A54D8}.Debug|iPhone.Build.0 = Debug|x86
		{35C8E9D6-EF39-4C33-A372-6ABEC29A54D8}.Debug|iPhone.Deploy.0 = Debug|x86
		{35C8E9D6-EF39-4C33-A372-6ABEC29A54D8}.Debug|iPhoneSimulator.ActiveCfg = Debug|x86
		{35C8E9D6-EF39-4C33-A372-6ABEC29A54D8}.Debug|iPhoneSimulator.Build.0 = Debug|x86
		{35C8E9D6-EF39-4C33-A372-6ABEC29A54D8}.Debug|iPhoneSimulator.Deploy.0 = Debug|x86
		{35C8E9D6-EF39-4C33-A372-6ABEC29A54D8}.Debug|x64.ActiveCfg = Debug|x64
		{35C8E9D6-EF39-4C33-A372-6ABEC29A54D8}.Debug|x64.Build.0 = Debug|x64
		{35C8E9D6-EF39-4C33-A372-6ABEC29A54D8}.Debug|x64.Deploy.0 = Debug|x64
		{35C8E9D6-EF39-4C33-A372-6ABEC29A54D8}.Debug|x86.ActiveCfg = Debug|x86
		{35C8E9D6-EF39-4C33-A372-6ABEC29A54D8}.Debug|x86.Build.0 = Debug|x86
		{35C8E9D6-EF39-4C33-A372-6ABEC29A54D8}.Debug|x86.Deploy.0 = Debug|x86
		{35C8E9D6-EF39-4C33-A372-6ABEC29A54D8}.Release|Any CPU.ActiveCfg = Release|x86
		{35C8E9D6-EF39-4C33-A372-6ABEC29A54D8}.Release|Any CPU.Build.0 = Release|x86
		{35C8E9D6-EF39-4C33-A372-6ABEC29A54D8}.Release|Any CPU.Deploy.0 = Release|x86
		{35C8E9D6-EF39-4C33-A372-6ABEC29A54D8}.Release|ARM.ActiveCfg = Release|ARM
		{35C8E9D6-EF39-4C33-A372-6ABEC29A54D8}.Release|ARM.Build.0 = Release|ARM
		{35C8E9D6-EF39-4C33-A372-6ABEC29A54D8}.Release|ARM.Deploy.0 = Release|ARM
		{35C8E9D6-EF39-4C33-A372-6ABEC29A54D8}.Release|iPhone.ActiveCfg = Release|x86
		{35C8E9D6-EF39-4C33-A372-6ABEC29A54D8}.Release|iPhone.Build.0 = Release|x86
		{35C8E9D6-EF39-4C33-A372-6ABEC29A54D8}.Release|iPhone.Deploy.0 = Release|x86
		{35C8E9D6-EF39-4C33-A372-6ABEC29A54D8}.Release|iPhoneSimulator.ActiveCfg = Release|x86
		{35C8E9D6-EF39-4C33-A372-6ABEC29A54D8}.Release|iPhoneSimulator.Build.0 = Release|x86
		{35C8E9D6-EF39-4C33-A372-6ABEC29A54D8}.Release|iPhoneSimulator.Deploy.0 = Release|x86
		{35C8E9D6-EF39-4C33-A372-6ABEC29A54D8}.Release|x64.ActiveCfg = Release|x64
		{35C8E9D6-EF39-4C33-A372-6ABEC29A54D8}.Release|x64.Build.0 = Release|x64
		{35C8E9D6-EF39-4C33-A372-6ABEC29A54D8}.Release|x64.Deploy.0 = Release|x64
		{35C8E9D6-EF39-4C33-A372-6ABEC29A54D8}.Release|x86.ActiveCfg = Release|x86
		{35C8E9D6-EF39-4C33-A372-6ABEC29A54D8}.Release|x86.Build.0 = Release|x86
		{35C8E9D6-EF39-4C33-A372-6ABEC29A54D8}.Release|x86.Deploy.0 = Release|x86
		{3759D53A-9A2E-46E4-A8D0-7BE698F6D9CF}.Debug|Any CPU.ActiveCfg = Debug|Any CPU
		{3759D53A-9A2E-46E4-A8D0-7BE698F6D9CF}.Debug|Any CPU.Build.0 = Debug|Any CPU
		{3759D53A-9A2E-46E4-A8D0-7BE698F6D9CF}.Debug|Any CPU.Deploy.0 = Debug|Any CPU
		{3759D53A-9A2E-46E4-A8D0-7BE698F6D9CF}.Debug|ARM.ActiveCfg = Debug|Any CPU
		{3759D53A-9A2E-46E4-A8D0-7BE698F6D9CF}.Debug|ARM.Build.0 = Debug|Any CPU
		{3759D53A-9A2E-46E4-A8D0-7BE698F6D9CF}.Debug|ARM.Deploy.0 = Debug|Any CPU
		{3759D53A-9A2E-46E4-A8D0-7BE698F6D9CF}.Debug|iPhone.ActiveCfg = Debug|Any CPU
		{3759D53A-9A2E-46E4-A8D0-7BE698F6D9CF}.Debug|iPhone.Build.0 = Debug|Any CPU
		{3759D53A-9A2E-46E4-A8D0-7BE698F6D9CF}.Debug|iPhone.Deploy.0 = Debug|Any CPU
		{3759D53A-9A2E-46E4-A8D0-7BE698F6D9CF}.Debug|iPhoneSimulator.ActiveCfg = Debug|Any CPU
		{3759D53A-9A2E-46E4-A8D0-7BE698F6D9CF}.Debug|iPhoneSimulator.Build.0 = Debug|Any CPU
		{3759D53A-9A2E-46E4-A8D0-7BE698F6D9CF}.Debug|iPhoneSimulator.Deploy.0 = Debug|Any CPU
		{3759D53A-9A2E-46E4-A8D0-7BE698F6D9CF}.Debug|x64.ActiveCfg = Debug|Any CPU
		{3759D53A-9A2E-46E4-A8D0-7BE698F6D9CF}.Debug|x64.Build.0 = Debug|Any CPU
		{3759D53A-9A2E-46E4-A8D0-7BE698F6D9CF}.Debug|x64.Deploy.0 = Debug|Any CPU
		{3759D53A-9A2E-46E4-A8D0-7BE698F6D9CF}.Debug|x86.ActiveCfg = Debug|Any CPU
		{3759D53A-9A2E-46E4-A8D0-7BE698F6D9CF}.Debug|x86.Build.0 = Debug|Any CPU
		{3759D53A-9A2E-46E4-A8D0-7BE698F6D9CF}.Debug|x86.Deploy.0 = Debug|Any CPU
		{3759D53A-9A2E-46E4-A8D0-7BE698F6D9CF}.Release|Any CPU.ActiveCfg = Release|Any CPU
		{3759D53A-9A2E-46E4-A8D0-7BE698F6D9CF}.Release|Any CPU.Build.0 = Release|Any CPU
		{3759D53A-9A2E-46E4-A8D0-7BE698F6D9CF}.Release|Any CPU.Deploy.0 = Release|Any CPU
		{3759D53A-9A2E-46E4-A8D0-7BE698F6D9CF}.Release|ARM.ActiveCfg = Release|Any CPU
		{3759D53A-9A2E-46E4-A8D0-7BE698F6D9CF}.Release|ARM.Build.0 = Release|Any CPU
		{3759D53A-9A2E-46E4-A8D0-7BE698F6D9CF}.Release|ARM.Deploy.0 = Release|Any CPU
		{3759D53A-9A2E-46E4-A8D0-7BE698F6D9CF}.Release|iPhone.ActiveCfg = Release|Any CPU
		{3759D53A-9A2E-46E4-A8D0-7BE698F6D9CF}.Release|iPhone.Build.0 = Release|Any CPU
		{3759D53A-9A2E-46E4-A8D0-7BE698F6D9CF}.Release|iPhone.Deploy.0 = Release|Any CPU
		{3759D53A-9A2E-46E4-A8D0-7BE698F6D9CF}.Release|iPhoneSimulator.ActiveCfg = Release|Any CPU
		{3759D53A-9A2E-46E4-A8D0-7BE698F6D9CF}.Release|iPhoneSimulator.Build.0 = Release|Any CPU
		{3759D53A-9A2E-46E4-A8D0-7BE698F6D9CF}.Release|iPhoneSimulator.Deploy.0 = Release|Any CPU
		{3759D53A-9A2E-46E4-A8D0-7BE698F6D9CF}.Release|x64.ActiveCfg = Release|Any CPU
		{3759D53A-9A2E-46E4-A8D0-7BE698F6D9CF}.Release|x64.Build.0 = Release|Any CPU
		{3759D53A-9A2E-46E4-A8D0-7BE698F6D9CF}.Release|x64.Deploy.0 = Release|Any CPU
		{3759D53A-9A2E-46E4-A8D0-7BE698F6D9CF}.Release|x86.ActiveCfg = Release|Any CPU
		{3759D53A-9A2E-46E4-A8D0-7BE698F6D9CF}.Release|x86.Build.0 = Release|Any CPU
		{3759D53A-9A2E-46E4-A8D0-7BE698F6D9CF}.Release|x86.Deploy.0 = Release|Any CPU
		{310FC072-5A3A-4AE3-A880-EF834778B64C}.Debug|Any CPU.ActiveCfg = Debug|iPhone
		{310FC072-5A3A-4AE3-A880-EF834778B64C}.Debug|Any CPU.Build.0 = Debug|iPhone
		{310FC072-5A3A-4AE3-A880-EF834778B64C}.Debug|Any CPU.Deploy.0 = Debug|iPhone
		{310FC072-5A3A-4AE3-A880-EF834778B64C}.Debug|ARM.ActiveCfg = Debug|iPhone
		{310FC072-5A3A-4AE3-A880-EF834778B64C}.Debug|ARM.Build.0 = Debug|iPhone
		{310FC072-5A3A-4AE3-A880-EF834778B64C}.Debug|ARM.Deploy.0 = Debug|iPhone
		{310FC072-5A3A-4AE3-A880-EF834778B64C}.Debug|iPhone.ActiveCfg = Debug|iPhone
		{310FC072-5A3A-4AE3-A880-EF834778B64C}.Debug|iPhone.Build.0 = Debug|iPhone
		{310FC072-5A3A-4AE3-A880-EF834778B64C}.Debug|iPhone.Deploy.0 = Debug|iPhone
		{310FC072-5A3A-4AE3-A880-EF834778B64C}.Debug|iPhoneSimulator.ActiveCfg = Debug|iPhoneSimulator
		{310FC072-5A3A-4AE3-A880-EF834778B64C}.Debug|iPhoneSimulator.Build.0 = Debug|iPhoneSimulator
		{310FC072-5A3A-4AE3-A880-EF834778B64C}.Debug|iPhoneSimulator.Deploy.0 = Debug|iPhoneSimulator
		{310FC072-5A3A-4AE3-A880-EF834778B64C}.Debug|x64.ActiveCfg = Debug|iPhone
		{310FC072-5A3A-4AE3-A880-EF834778B64C}.Debug|x64.Build.0 = Debug|iPhone
		{310FC072-5A3A-4AE3-A880-EF834778B64C}.Debug|x64.Deploy.0 = Debug|iPhone
		{310FC072-5A3A-4AE3-A880-EF834778B64C}.Debug|x86.ActiveCfg = Debug|iPhone
		{310FC072-5A3A-4AE3-A880-EF834778B64C}.Debug|x86.Build.0 = Debug|iPhone
		{310FC072-5A3A-4AE3-A880-EF834778B64C}.Debug|x86.Deploy.0 = Debug|iPhone
		{310FC072-5A3A-4AE3-A880-EF834778B64C}.Release|Any CPU.ActiveCfg = Release|iPhone
		{310FC072-5A3A-4AE3-A880-EF834778B64C}.Release|Any CPU.Build.0 = Release|iPhone
		{310FC072-5A3A-4AE3-A880-EF834778B64C}.Release|Any CPU.Deploy.0 = Release|iPhone
		{310FC072-5A3A-4AE3-A880-EF834778B64C}.Release|ARM.ActiveCfg = Release|iPhone
		{310FC072-5A3A-4AE3-A880-EF834778B64C}.Release|ARM.Build.0 = Release|iPhone
		{310FC072-5A3A-4AE3-A880-EF834778B64C}.Release|ARM.Deploy.0 = Release|iPhone
		{310FC072-5A3A-4AE3-A880-EF834778B64C}.Release|iPhone.ActiveCfg = Release|iPhone
		{310FC072-5A3A-4AE3-A880-EF834778B64C}.Release|iPhone.Build.0 = Release|iPhone
		{310FC072-5A3A-4AE3-A880-EF834778B64C}.Release|iPhone.Deploy.0 = Release|iPhone
		{310FC072-5A3A-4AE3-A880-EF834778B64C}.Release|iPhoneSimulator.ActiveCfg = Release|iPhoneSimulator
		{310FC072-5A3A-4AE3-A880-EF834778B64C}.Release|iPhoneSimulator.Build.0 = Release|iPhoneSimulator
		{310FC072-5A3A-4AE3-A880-EF834778B64C}.Release|iPhoneSimulator.Deploy.0 = Release|iPhoneSimulator
		{310FC072-5A3A-4AE3-A880-EF834778B64C}.Release|x64.ActiveCfg = Release|iPhone
		{310FC072-5A3A-4AE3-A880-EF834778B64C}.Release|x64.Build.0 = Release|iPhone
		{310FC072-5A3A-4AE3-A880-EF834778B64C}.Release|x64.Deploy.0 = Release|iPhone
		{310FC072-5A3A-4AE3-A880-EF834778B64C}.Release|x86.ActiveCfg = Release|iPhone
		{310FC072-5A3A-4AE3-A880-EF834778B64C}.Release|x86.Build.0 = Release|iPhone
		{310FC072-5A3A-4AE3-A880-EF834778B64C}.Release|x86.Deploy.0 = Release|iPhone
		{CF3F4641-A117-46E9-ADFD-96E3410C5365}.Debug|Any CPU.ActiveCfg = Debug|Any CPU
		{CF3F4641-A117-46E9-ADFD-96E3410C5365}.Debug|Any CPU.Build.0 = Debug|Any CPU
		{CF3F4641-A117-46E9-ADFD-96E3410C5365}.Debug|Any CPU.Deploy.0 = Debug|Any CPU
		{CF3F4641-A117-46E9-ADFD-96E3410C5365}.Debug|ARM.ActiveCfg = Debug|Any CPU
		{CF3F4641-A117-46E9-ADFD-96E3410C5365}.Debug|ARM.Build.0 = Debug|Any CPU
		{CF3F4641-A117-46E9-ADFD-96E3410C5365}.Debug|ARM.Deploy.0 = Debug|Any CPU
		{CF3F4641-A117-46E9-ADFD-96E3410C5365}.Debug|iPhone.ActiveCfg = Debug|Any CPU
		{CF3F4641-A117-46E9-ADFD-96E3410C5365}.Debug|iPhone.Build.0 = Debug|Any CPU
		{CF3F4641-A117-46E9-ADFD-96E3410C5365}.Debug|iPhone.Deploy.0 = Debug|Any CPU
		{CF3F4641-A117-46E9-ADFD-96E3410C5365}.Debug|iPhoneSimulator.ActiveCfg = Debug|Any CPU
		{CF3F4641-A117-46E9-ADFD-96E3410C5365}.Debug|iPhoneSimulator.Build.0 = Debug|Any CPU
		{CF3F4641-A117-46E9-ADFD-96E3410C5365}.Debug|iPhoneSimulator.Deploy.0 = Debug|Any CPU
		{CF3F4641-A117-46E9-ADFD-96E3410C5365}.Debug|x64.ActiveCfg = Debug|Any CPU
		{CF3F4641-A117-46E9-ADFD-96E3410C5365}.Debug|x64.Build.0 = Debug|Any CPU
		{CF3F4641-A117-46E9-ADFD-96E3410C5365}.Debug|x64.Deploy.0 = Debug|Any CPU
		{CF3F4641-A117-46E9-ADFD-96E3410C5365}.Debug|x86.ActiveCfg = Debug|Any CPU
		{CF3F4641-A117-46E9-ADFD-96E3410C5365}.Debug|x86.Build.0 = Debug|Any CPU
		{CF3F4641-A117-46E9-ADFD-96E3410C5365}.Debug|x86.Deploy.0 = Debug|Any CPU
		{CF3F4641-A117-46E9-ADFD-96E3410C5365}.Release|Any CPU.ActiveCfg = Release|Any CPU
		{CF3F4641-A117-46E9-ADFD-96E3410C5365}.Release|Any CPU.Build.0 = Release|Any CPU
		{CF3F4641-A117-46E9-ADFD-96E3410C5365}.Release|Any CPU.Deploy.0 = Release|Any CPU
		{CF3F4641-A117-46E9-ADFD-96E3410C5365}.Release|ARM.ActiveCfg = Release|Any CPU
		{CF3F4641-A117-46E9-ADFD-96E3410C5365}.Release|ARM.Build.0 = Release|Any CPU
		{CF3F4641-A117-46E9-ADFD-96E3410C5365}.Release|ARM.Deploy.0 = Release|Any CPU
		{CF3F4641-A117-46E9-ADFD-96E3410C5365}.Release|iPhone.ActiveCfg = Release|Any CPU
		{CF3F4641-A117-46E9-ADFD-96E3410C5365}.Release|iPhone.Build.0 = Release|Any CPU
		{CF3F4641-A117-46E9-ADFD-96E3410C5365}.Release|iPhone.Deploy.0 = Release|Any CPU
		{CF3F4641-A117-46E9-ADFD-96E3410C5365}.Release|iPhoneSimulator.ActiveCfg = Release|Any CPU
		{CF3F4641-A117-46E9-ADFD-96E3410C5365}.Release|iPhoneSimulator.Build.0 = Release|Any CPU
		{CF3F4641-A117-46E9-ADFD-96E3410C5365}.Release|iPhoneSimulator.Deploy.0 = Release|Any CPU
		{CF3F4641-A117-46E9-ADFD-96E3410C5365}.Release|x64.ActiveCfg = Release|Any CPU
		{CF3F4641-A117-46E9-ADFD-96E3410C5365}.Release|x64.Build.0 = Release|Any CPU
		{CF3F4641-A117-46E9-ADFD-96E3410C5365}.Release|x64.Deploy.0 = Release|Any CPU
		{CF3F4641-A117-46E9-ADFD-96E3410C5365}.Release|x86.ActiveCfg = Release|Any CPU
		{CF3F4641-A117-46E9-ADFD-96E3410C5365}.Release|x86.Build.0 = Release|Any CPU
		{CF3F4641-A117-46E9-ADFD-96E3410C5365}.Release|x86.Deploy.0 = Release|Any CPU
	EndGlobalSection
	GlobalSection(SolutionProperties) = preSolution
		HideSolutionNode = FALSE
	EndGlobalSection
	GlobalSection(ExtensibilityGlobals) = postSolution
		SolutionGuid = {834963C4-771B-4B8C-8552-389E8427648E}
	EndGlobalSection
EndGlobal
